
Microsoft Visual Studio Solution File, Format Version 12.00
# Visual Studio 15
VisualStudioVersion = 15.0.27428.2043
MinimumVisualStudioVersion = 10.0.40219.1
Project("{8BC9CEB8-8B4A-11D0-8D11-00A0C91BC942}") = "cour", "cour\cour.vcxproj", "{BC1DFEA5-7524-4EFB-9F18-2C0A49D04D07}"
EndProject
Global
	GlobalSection(SolutionConfigurationPlatforms) = preSolution
		Debug|x64 = Debug|x64
		Debug|x86 = Debug|x86
		Release|x64 = Release|x64
		Release|x86 = Release|x86
	EndGlobalSection
	GlobalSection(ProjectConfigurationPlatforms) = postSolution
		{BC1DFEA5-7524-4EFB-9F18-2C0A49D04D07}.Debug|x64.ActiveCfg = Debug|x64
		{BC1DFEA5-7524-4EFB-9F18-2C0A49D04D07}.Debug|x64.Build.0 = Debug|x64
		{BC1DFEA5-7524-4EFB-9F18-2C0A49D04D07}.Debug|x86.ActiveCfg = Debug|Win32
		{BC1DFEA5-7524-4EFB-9F18-2C0A49D04D07}.Debug|x86.Build.0 = Debug|Win32
		{BC1DFEA5-7524-4EFB-9F18-2C0A49D04D07}.Release|x64.ActiveCfg = Release|x64
		{BC1DFEA5-7524-4EFB-9F18-2C0A49D04D07}.Release|x64.Build.0 = Release|x64
		{BC1DFEA5-7524-4EFB-9F18-2C0A49D04D07}.Release|x86.ActiveCfg = Release|Win32
		{BC1DFEA5-7524-4EFB-9F18-2C0A49D04D07}.Release|x86.Build.0 = Release|Win32
	EndGlobalSection
	GlobalSection(SolutionProperties) = preSolution
		HideSolutionNode = FALSE
	EndGlobalSection
	GlobalSection(ExtensibilityGlobals) = postSolution
		SolutionGuid = {BD16298B-3D12-4845-B783-D8D7FF4F8549}
	EndGlobalSection
EndGlobal
